
Microsoft Visual Studio Solution File, Format Version 12.00
# Visual Studio Version 16
VisualStudioVersion = 16.0.31205.134
MinimumVisualStudioVersion = 10.0.40219.1
Project("{FAE04EC0-301F-11D3-BF4B-00C04F79EFBC}") = "KonradSzpak_S00197298_FinalExam", "KonradSzpak_S00197298_FinalExam\KonradSzpak_S00197298_FinalExam.csproj", "{6462D41B-BB64-4A00-8EBF-3569AC9FBE32}"
EndProject
Global
	GlobalSection(SolutionConfigurationPlatforms) = preSolution
		Debug|Any CPU = Debug|Any CPU
		Release|Any CPU = Release|Any CPU
	EndGlobalSection
	GlobalSection(ProjectConfigurationPlatforms) = postSolution
		{6462D41B-BB64-4A00-8EBF-3569AC9FBE32}.Debug|Any CPU.ActiveCfg = Debug|Any CPU
		{6462D41B-BB64-4A00-8EBF-3569AC9FBE32}.Debug|Any CPU.Build.0 = Debug|Any CPU
		{6462D41B-BB64-4A00-8EBF-3569AC9FBE32}.Release|Any CPU.ActiveCfg = Release|Any CPU
		{6462D41B-BB64-4A00-8EBF-3569AC9FBE32}.Release|Any CPU.Build.0 = Release|Any CPU
	EndGlobalSection
	GlobalSection(SolutionProperties) = preSolution
		HideSolutionNode = FALSE
	EndGlobalSection
	GlobalSection(ExtensibilityGlobals) = postSolution
		SolutionGuid = {0F57A185-6F84-4710-8C2A-B56874F1BF89}
	EndGlobalSection
EndGlobal
